
Microsoft Visual Studio Solution File, Format Version 12.00
# Visual Studio 2012
Project("{FAE04EC0-301F-11D3-BF4B-00C04F79EFBC}") = "monoconta", "monoconta\monoconta.csproj", "{307AC4E8-D672-4FA5-A3B6-1CDCDCC7D18F}"
EndProject
Project("{9344BDBB-3E7F-41FC-A0DD-8665D75EE146}") = "BetManager", "BetManager\BetManager.csproj", "{827EBA01-55AF-4F44-A268-5B851C35F73D}"
EndProject
Global
	GlobalSection(SolutionConfigurationPlatforms) = preSolution
		Debug|x86 = Debug|x86
		Release|x86 = Release|x86
	EndGlobalSection
	GlobalSection(ProjectConfigurationPlatforms) = postSolution
		{307AC4E8-D672-4FA5-A3B6-1CDCDCC7D18F}.Debug|x86.ActiveCfg = Debug|x86
		{307AC4E8-D672-4FA5-A3B6-1CDCDCC7D18F}.Debug|x86.Build.0 = Debug|x86
		{307AC4E8-D672-4FA5-A3B6-1CDCDCC7D18F}.Release|x86.ActiveCfg = Release|x86
		{307AC4E8-D672-4FA5-A3B6-1CDCDCC7D18F}.Release|x86.Build.0 = Release|x86
		{827EBA01-55AF-4F44-A268-5B851C35F73D}.Debug|x86.ActiveCfg = Debug|x86
		{827EBA01-55AF-4F44-A268-5B851C35F73D}.Debug|x86.Build.0 = Debug|x86
		{827EBA01-55AF-4F44-A268-5B851C35F73D}.Release|x86.ActiveCfg = Release|x86
		{827EBA01-55AF-4F44-A268-5B851C35F73D}.Release|x86.Build.0 = Release|x86
	EndGlobalSection
	GlobalSection(MonoDevelopProperties) = preSolution
		Policies = $0
		$0.DotNetNamingPolicy = $1
		$1.DirectoryNamespaceAssociation = Hierarchical
		$0.TextStylePolicy = $2
		$2.inheritsSet = null
		$2.scope = text/x-csharp
		$0.CSharpFormattingPolicy = $3
		$3.scope = text/x-csharp
		$0.TextStylePolicy = $4
		$4.FileWidth = 80
		$4.TabsToSpaces = True
		$4.scope = text/plain
		$0.TextStylePolicy = $5
		$5.inheritsSet = null
		$5.scope = application/xml
		$0.XmlFormattingPolicy = $6
		$6.scope = application/xml
		$0.StandardHeader = $7
		$0.VersionControlPolicy = $8
		version = 0.2
	EndGlobalSection
EndGlobal
